
Microsoft Visual Studio Solution File, Format Version 12.00
# Visual Studio Version 17
VisualStudioVersion = 17.6.33626.354
MinimumVisualStudioVersion = 10.0.40219.1
Project("{9A19103F-16F7-4668-BE54-9A1E7A4F7556}") = "Bld.Libnl.Net", "Bld.Libnl.Net\Bld.Libnl.Net.csproj", "{A3DDEDD6-321A-4F47-9136-537226F3F6E9}"
EndProject
Project("{9A19103F-16F7-4668-BE54-9A1E7A4F7556}") = "Bld.Libnl.Net.Demo", "Bld.Libnl.Net.Demo\Bld.Libnl.Net.Demo.csproj", "{7A9D53DB-9D32-4BD5-84F6-B2FB8643B887}"
EndProject
Project("{2150E333-8FDC-42A3-9474-1A3956D46DE8}") = "Solution Items", "Solution Items", "{5923B7EC-D147-44B8-8A7B-E92CDA4EC612}"
	ProjectSection(SolutionItems) = preProject
		README.md = README.md
	EndProjectSection
EndProject
Project("{FAE04EC0-301F-11D3-BF4B-00C04F79EFBC}") = "Bld.NlFilesGenerator", "Bld.NlFilesGenerator\Bld.NlFilesGenerator.csproj", "{FEA46011-C640-4A5C-B0F7-578651D9E16B}"
EndProject
Project("{9A19103F-16F7-4668-BE54-9A1E7A4F7556}") = "_build", "..\build\_build.csproj", "{F6B20164-F9C4-49C7-8FDE-23D357D454D0}"
EndProject
Global
	GlobalSection(SolutionConfigurationPlatforms) = preSolution
		Debug|Any CPU = Debug|Any CPU
		Release|Any CPU = Release|Any CPU
	EndGlobalSection
	GlobalSection(ProjectConfigurationPlatforms) = postSolution
		{F6B20164-F9C4-49C7-8FDE-23D357D454D0}.Debug|Any CPU.ActiveCfg = Debug|Any CPU
		{F6B20164-F9C4-49C7-8FDE-23D357D454D0}.Release|Any CPU.ActiveCfg = Release|Any CPU
		{A3DDEDD6-321A-4F47-9136-537226F3F6E9}.Debug|Any CPU.ActiveCfg = Debug|Any CPU
		{A3DDEDD6-321A-4F47-9136-537226F3F6E9}.Debug|Any CPU.Build.0 = Debug|Any CPU
		{A3DDEDD6-321A-4F47-9136-537226F3F6E9}.Release|Any CPU.ActiveCfg = Release|Any CPU
		{A3DDEDD6-321A-4F47-9136-537226F3F6E9}.Release|Any CPU.Build.0 = Release|Any CPU
		{7A9D53DB-9D32-4BD5-84F6-B2FB8643B887}.Debug|Any CPU.ActiveCfg = Debug|Any CPU
		{7A9D53DB-9D32-4BD5-84F6-B2FB8643B887}.Debug|Any CPU.Build.0 = Debug|Any CPU
		{7A9D53DB-9D32-4BD5-84F6-B2FB8643B887}.Release|Any CPU.ActiveCfg = Release|Any CPU
		{7A9D53DB-9D32-4BD5-84F6-B2FB8643B887}.Release|Any CPU.Build.0 = Release|Any CPU
		{FEA46011-C640-4A5C-B0F7-578651D9E16B}.Debug|Any CPU.ActiveCfg = Debug|Any CPU
		{FEA46011-C640-4A5C-B0F7-578651D9E16B}.Debug|Any CPU.Build.0 = Debug|Any CPU
		{FEA46011-C640-4A5C-B0F7-578651D9E16B}.Release|Any CPU.ActiveCfg = Release|Any CPU
		{FEA46011-C640-4A5C-B0F7-578651D9E16B}.Release|Any CPU.Build.0 = Release|Any CPU
	EndGlobalSection
	GlobalSection(SolutionProperties) = preSolution
		HideSolutionNode = FALSE
	EndGlobalSection
	GlobalSection(ExtensibilityGlobals) = postSolution
		SolutionGuid = {2B1C5560-A317-4309-8E9D-56B0CD1155DC}
	EndGlobalSection
EndGlobal
